
Microsoft Visual Studio Solution File, Format Version 12.00
# Visual Studio Version 17
VisualStudioVersion = 17.3.32922.545
MinimumVisualStudioVersion = 10.0.40219.1
Project("{FAE04EC0-301F-11D3-BF4B-00C04F79EFBC}") = "Lez02_08_ContenitoriSemplici", "Lez02_08_ContenitoriSemplici\Lez02_08_ContenitoriSemplici.csproj", "{3E9A6969-6D18-413C-8DBB-7302D89F9A9B}"
EndProject
Global
	GlobalSection(SolutionConfigurationPlatforms) = preSolution
		Debug|Any CPU = Debug|Any CPU
		Release|Any CPU = Release|Any CPU
	EndGlobalSection
	GlobalSection(ProjectConfigurationPlatforms) = postSolution
		{3E9A6969-6D18-413C-8DBB-7302D89F9A9B}.Debug|Any CPU.ActiveCfg = Debug|Any CPU
		{3E9A6969-6D18-413C-8DBB-7302D89F9A9B}.Debug|Any CPU.Build.0 = Debug|Any CPU
		{3E9A6969-6D18-413C-8DBB-7302D89F9A9B}.Release|Any CPU.ActiveCfg = Release|Any CPU
		{3E9A6969-6D18-413C-8DBB-7302D89F9A9B}.Release|Any CPU.Build.0 = Release|Any CPU
	EndGlobalSection
	GlobalSection(SolutionProperties) = preSolution
		HideSolutionNode = FALSE
	EndGlobalSection
	GlobalSection(ExtensibilityGlobals) = postSolution
		SolutionGuid = {3E383321-0684-4BBA-BA87-43B4ACCD8583}
	EndGlobalSection
EndGlobal
