
Microsoft Visual Studio Solution File, Format Version 12.00
# Visual Studio Version 17
VisualStudioVersion = 17.3.32922.545
MinimumVisualStudioVersion = 10.0.40219.1
Project("{FAE04EC0-301F-11D3-BF4B-00C04F79EFBC}") = "Lez03_06_ClassiEdOggetti", "Lez03_06_ClassiEdOggetti\Lez03_06_ClassiEdOggetti.csproj", "{E88502A2-031D-40E9-ABB4-20C18E0799DD}"
EndProject
Global
	GlobalSection(SolutionConfigurationPlatforms) = preSolution
		Debug|Any CPU = Debug|Any CPU
		Release|Any CPU = Release|Any CPU
	EndGlobalSection
	GlobalSection(ProjectConfigurationPlatforms) = postSolution
		{E88502A2-031D-40E9-ABB4-20C18E0799DD}.Debug|Any CPU.ActiveCfg = Debug|Any CPU
		{E88502A2-031D-40E9-ABB4-20C18E0799DD}.Debug|Any CPU.Build.0 = Debug|Any CPU
		{E88502A2-031D-40E9-ABB4-20C18E0799DD}.Release|Any CPU.ActiveCfg = Release|Any CPU
		{E88502A2-031D-40E9-ABB4-20C18E0799DD}.Release|Any CPU.Build.0 = Release|Any CPU
	EndGlobalSection
	GlobalSection(SolutionProperties) = preSolution
		HideSolutionNode = FALSE
	EndGlobalSection
	GlobalSection(ExtensibilityGlobals) = postSolution
		SolutionGuid = {242A2FBB-FE53-4C23-948A-8241D05827AB}
	EndGlobalSection
EndGlobal
