
Microsoft Visual Studio Solution File, Format Version 12.00
# Visual Studio Version 17
VisualStudioVersion = 17.3.32922.545
MinimumVisualStudioVersion = 10.0.40219.1
Project("{FAE04EC0-301F-11D3-BF4B-00C04F79EFBC}") = "Lez03_02_ContenitoriComplessi", "Lez03_02_ContenitoriComplessi\Lez03_02_ContenitoriComplessi.csproj", "{7AC43168-DB50-4A94-B611-E8A22453DCC5}"
EndProject
Global
	GlobalSection(SolutionConfigurationPlatforms) = preSolution
		Debug|Any CPU = Debug|Any CPU
		Release|Any CPU = Release|Any CPU
	EndGlobalSection
	GlobalSection(ProjectConfigurationPlatforms) = postSolution
		{7AC43168-DB50-4A94-B611-E8A22453DCC5}.Debug|Any CPU.ActiveCfg = Debug|Any CPU
		{7AC43168-DB50-4A94-B611-E8A22453DCC5}.Debug|Any CPU.Build.0 = Debug|Any CPU
		{7AC43168-DB50-4A94-B611-E8A22453DCC5}.Release|Any CPU.ActiveCfg = Release|Any CPU
		{7AC43168-DB50-4A94-B611-E8A22453DCC5}.Release|Any CPU.Build.0 = Release|Any CPU
	EndGlobalSection
	GlobalSection(SolutionProperties) = preSolution
		HideSolutionNode = FALSE
	EndGlobalSection
	GlobalSection(ExtensibilityGlobals) = postSolution
		SolutionGuid = {C62B70EB-A39D-4665-8256-CC709D37BC7F}
	EndGlobalSection
EndGlobal
