
Microsoft Visual Studio Solution File, Format Version 12.00
# Visual Studio Version 17
VisualStudioVersion = 17.3.32922.545
MinimumVisualStudioVersion = 10.0.40219.1
Project("{FAE04EC0-301F-11D3-BF4B-00C04F79EFBC}") = "Lez01_01_HelloWorld", "Lez01_01_HelloWorld\Lez01_01_HelloWorld.csproj", "{E47082AC-4411-4913-86A4-CB77EA02CE25}"
EndProject
Global
	GlobalSection(SolutionConfigurationPlatforms) = preSolution
		Debug|Any CPU = Debug|Any CPU
		Release|Any CPU = Release|Any CPU
	EndGlobalSection
	GlobalSection(ProjectConfigurationPlatforms) = postSolution
		{E47082AC-4411-4913-86A4-CB77EA02CE25}.Debug|Any CPU.ActiveCfg = Debug|Any CPU
		{E47082AC-4411-4913-86A4-CB77EA02CE25}.Debug|Any CPU.Build.0 = Debug|Any CPU
		{E47082AC-4411-4913-86A4-CB77EA02CE25}.Release|Any CPU.ActiveCfg = Release|Any CPU
		{E47082AC-4411-4913-86A4-CB77EA02CE25}.Release|Any CPU.Build.0 = Release|Any CPU
	EndGlobalSection
	GlobalSection(SolutionProperties) = preSolution
		HideSolutionNode = FALSE
	EndGlobalSection
	GlobalSection(ExtensibilityGlobals) = postSolution
		SolutionGuid = {EE2A00E3-A859-4F6A-AB0C-3B30440A11D1}
	EndGlobalSection
EndGlobal
