
Microsoft Visual Studio Solution File, Format Version 12.00
# Visual Studio Version 17
VisualStudioVersion = 17.9.34701.34
MinimumVisualStudioVersion = 10.0.40219.1
Project("{FAE04EC0-301F-11D3-BF4B-00C04F79EFBC}") = "API_TEST_1", "API_TEST_1\API_TEST_1.csproj", "{524F07A7-E4BC-466A-8C41-0F57ECD89916}"
EndProject
Global
	GlobalSection(SolutionConfigurationPlatforms) = preSolution
		Debug|Any CPU = Debug|Any CPU
		Release|Any CPU = Release|Any CPU
	EndGlobalSection
	GlobalSection(ProjectConfigurationPlatforms) = postSolution
		{524F07A7-E4BC-466A-8C41-0F57ECD89916}.Debug|Any CPU.ActiveCfg = Debug|Any CPU
		{524F07A7-E4BC-466A-8C41-0F57ECD89916}.Debug|Any CPU.Build.0 = Debug|Any CPU
		{524F07A7-E4BC-466A-8C41-0F57ECD89916}.Release|Any CPU.ActiveCfg = Release|Any CPU
		{524F07A7-E4BC-466A-8C41-0F57ECD89916}.Release|Any CPU.Build.0 = Release|Any CPU
	EndGlobalSection
	GlobalSection(SolutionProperties) = preSolution
		HideSolutionNode = FALSE
	EndGlobalSection
	GlobalSection(ExtensibilityGlobals) = postSolution
		SolutionGuid = {91114F7B-1E8F-4132-9982-677883823772}
	EndGlobalSection
EndGlobal
