
Microsoft Visual Studio Solution File, Format Version 12.00
# Visual Studio Version 17
VisualStudioVersion = 17.3.32922.545
MinimumVisualStudioVersion = 10.0.40219.1
Project("{FAE04EC0-301F-11D3-BF4B-00C04F79EFBC}") = "Lez03_07_InfoHidingIncapsulamento", "Lez03_07_InfoHidingIncapsulamento\Lez03_07_InfoHidingIncapsulamento.csproj", "{B5E803E5-6B77-4796-A423-BB86B9B901A0}"
EndProject
Global
	GlobalSection(SolutionConfigurationPlatforms) = preSolution
		Debug|Any CPU = Debug|Any CPU
		Release|Any CPU = Release|Any CPU
	EndGlobalSection
	GlobalSection(ProjectConfigurationPlatforms) = postSolution
		{B5E803E5-6B77-4796-A423-BB86B9B901A0}.Debug|Any CPU.ActiveCfg = Debug|Any CPU
		{B5E803E5-6B77-4796-A423-BB86B9B901A0}.Debug|Any CPU.Build.0 = Debug|Any CPU
		{B5E803E5-6B77-4796-A423-BB86B9B901A0}.Release|Any CPU.ActiveCfg = Release|Any CPU
		{B5E803E5-6B77-4796-A423-BB86B9B901A0}.Release|Any CPU.Build.0 = Release|Any CPU
	EndGlobalSection
	GlobalSection(SolutionProperties) = preSolution
		HideSolutionNode = FALSE
	EndGlobalSection
	GlobalSection(ExtensibilityGlobals) = postSolution
		SolutionGuid = {F6BADAAA-6A91-475C-A364-55224E414B5F}
	EndGlobalSection
EndGlobal
