
Microsoft Visual Studio Solution File, Format Version 12.00
# Visual Studio Version 17
VisualStudioVersion = 17.10.34707.107
MinimumVisualStudioVersion = 10.0.40219.1
Project("{FAE04EC0-301F-11D3-BF4B-00C04F79EFBC}") = "EF_CF_lez01_Migrations_Intro", "EF_CF_lez01_Migrations_Intro\EF_CF_lez01_Migrations_Intro.csproj", "{56AB9BF6-798B-41C3-A290-C04ADA1A413E}"
EndProject
Global
	GlobalSection(SolutionConfigurationPlatforms) = preSolution
		Debug|Any CPU = Debug|Any CPU
		Release|Any CPU = Release|Any CPU
	EndGlobalSection
	GlobalSection(ProjectConfigurationPlatforms) = postSolution
		{56AB9BF6-798B-41C3-A290-C04ADA1A413E}.Debug|Any CPU.ActiveCfg = Debug|Any CPU
		{56AB9BF6-798B-41C3-A290-C04ADA1A413E}.Debug|Any CPU.Build.0 = Debug|Any CPU
		{56AB9BF6-798B-41C3-A290-C04ADA1A413E}.Release|Any CPU.ActiveCfg = Release|Any CPU
		{56AB9BF6-798B-41C3-A290-C04ADA1A413E}.Release|Any CPU.Build.0 = Release|Any CPU
	EndGlobalSection
	GlobalSection(SolutionProperties) = preSolution
		HideSolutionNode = FALSE
	EndGlobalSection
	GlobalSection(ExtensibilityGlobals) = postSolution
		SolutionGuid = {F039D3E0-D208-4972-9569-8F602A9F9AB9}
	EndGlobalSection
EndGlobal
