
Microsoft Visual Studio Solution File, Format Version 12.00
# Visual Studio Version 17
VisualStudioVersion = 17.3.32922.545
MinimumVisualStudioVersion = 10.0.40219.1
Project("{FAE04EC0-301F-11D3-BF4B-00C04F79EFBC}") = "Lez04_04_Utilizzo", "Lez04_04_Utilizzo\Lez04_04_Utilizzo.csproj", "{3F5A9F32-110C-4C4E-A789-E9AF92097471}"
EndProject
Global
	GlobalSection(SolutionConfigurationPlatforms) = preSolution
		Debug|Any CPU = Debug|Any CPU
		Release|Any CPU = Release|Any CPU
	EndGlobalSection
	GlobalSection(ProjectConfigurationPlatforms) = postSolution
		{3F5A9F32-110C-4C4E-A789-E9AF92097471}.Debug|Any CPU.ActiveCfg = Debug|Any CPU
		{3F5A9F32-110C-4C4E-A789-E9AF92097471}.Debug|Any CPU.Build.0 = Debug|Any CPU
		{3F5A9F32-110C-4C4E-A789-E9AF92097471}.Release|Any CPU.ActiveCfg = Release|Any CPU
		{3F5A9F32-110C-4C4E-A789-E9AF92097471}.Release|Any CPU.Build.0 = Release|Any CPU
	EndGlobalSection
	GlobalSection(SolutionProperties) = preSolution
		HideSolutionNode = FALSE
	EndGlobalSection
	GlobalSection(ExtensibilityGlobals) = postSolution
		SolutionGuid = {9E1770CB-44CE-447C-AC6A-E36B1B1920A8}
	EndGlobalSection
EndGlobal
