
Microsoft Visual Studio Solution File, Format Version 12.00
# Visual Studio Version 17
VisualStudioVersion = 17.3.32922.545
MinimumVisualStudioVersion = 10.0.40219.1
Project("{FAE04EC0-301F-11D3-BF4B-00C04F79EFBC}") = "Lez02_01_Variabili", "Lez02_01_Variabili\Lez02_01_Variabili.csproj", "{8CD6DD88-C4B7-483E-8612-E4C6AB63473C}"
EndProject
Global
	GlobalSection(SolutionConfigurationPlatforms) = preSolution
		Debug|Any CPU = Debug|Any CPU
		Release|Any CPU = Release|Any CPU
	EndGlobalSection
	GlobalSection(ProjectConfigurationPlatforms) = postSolution
		{8CD6DD88-C4B7-483E-8612-E4C6AB63473C}.Debug|Any CPU.ActiveCfg = Debug|Any CPU
		{8CD6DD88-C4B7-483E-8612-E4C6AB63473C}.Debug|Any CPU.Build.0 = Debug|Any CPU
		{8CD6DD88-C4B7-483E-8612-E4C6AB63473C}.Release|Any CPU.ActiveCfg = Release|Any CPU
		{8CD6DD88-C4B7-483E-8612-E4C6AB63473C}.Release|Any CPU.Build.0 = Release|Any CPU
	EndGlobalSection
	GlobalSection(SolutionProperties) = preSolution
		HideSolutionNode = FALSE
	EndGlobalSection
	GlobalSection(ExtensibilityGlobals) = postSolution
		SolutionGuid = {ECA9B88F-DB9E-42AA-B458-6B6984C27966}
	EndGlobalSection
EndGlobal
