
Microsoft Visual Studio Solution File, Format Version 12.00
# Visual Studio Version 17
VisualStudioVersion = 17.10.34707.107
MinimumVisualStudioVersion = 10.0.40219.1
Project("{FAE04EC0-301F-11D3-BF4B-00C04F79EFBC}") = "ASP_WEB_lez02_Negozio", "ASP_WEB_lez02_Negozio\ASP_WEB_lez02_Negozio.csproj", "{CEF3C8D7-F87D-4B1F-B7EC-68E1B13CEC5D}"
EndProject
Global
	GlobalSection(SolutionConfigurationPlatforms) = preSolution
		Debug|Any CPU = Debug|Any CPU
		Release|Any CPU = Release|Any CPU
	EndGlobalSection
	GlobalSection(ProjectConfigurationPlatforms) = postSolution
		{CEF3C8D7-F87D-4B1F-B7EC-68E1B13CEC5D}.Debug|Any CPU.ActiveCfg = Debug|Any CPU
		{CEF3C8D7-F87D-4B1F-B7EC-68E1B13CEC5D}.Debug|Any CPU.Build.0 = Debug|Any CPU
		{CEF3C8D7-F87D-4B1F-B7EC-68E1B13CEC5D}.Release|Any CPU.ActiveCfg = Release|Any CPU
		{CEF3C8D7-F87D-4B1F-B7EC-68E1B13CEC5D}.Release|Any CPU.Build.0 = Release|Any CPU
	EndGlobalSection
	GlobalSection(SolutionProperties) = preSolution
		HideSolutionNode = FALSE
	EndGlobalSection
	GlobalSection(ExtensibilityGlobals) = postSolution
		SolutionGuid = {8C0F9A37-50E2-493D-A561-90DFCAD82211}
	EndGlobalSection
EndGlobal
